
Microsoft Visual Studio Solution File, Format Version 12.00
# Visual Studio Version 17
VisualStudioVersion = 17.1.32210.238
MinimumVisualStudioVersion = 10.0.40219.1
Project("{FAE04EC0-301F-11D3-BF4B-00C04F79EFBC}") = "kalendar  - mesice", "kalendar  - mesice\kalendar  - mesice.csproj", "{CAEC015A-D537-4699-9B4A-39363D715D42}"
EndProject
Global
	GlobalSection(SolutionConfigurationPlatforms) = preSolution
		Debug|Any CPU = Debug|Any CPU
		Release|Any CPU = Release|Any CPU
	EndGlobalSection
	GlobalSection(ProjectConfigurationPlatforms) = postSolution
		{CAEC015A-D537-4699-9B4A-39363D715D42}.Debug|Any CPU.ActiveCfg = Debug|Any CPU
		{CAEC015A-D537-4699-9B4A-39363D715D42}.Debug|Any CPU.Build.0 = Debug|Any CPU
		{CAEC015A-D537-4699-9B4A-39363D715D42}.Release|Any CPU.ActiveCfg = Release|Any CPU
		{CAEC015A-D537-4699-9B4A-39363D715D42}.Release|Any CPU.Build.0 = Release|Any CPU
	EndGlobalSection
	GlobalSection(SolutionProperties) = preSolution
		HideSolutionNode = FALSE
	EndGlobalSection
	GlobalSection(ExtensibilityGlobals) = postSolution
		SolutionGuid = {3EF88A5A-BD67-439B-BB8C-63EB98927282}
	EndGlobalSection
EndGlobal
